
Microsoft Visual Studio Solution File, Format Version 12.00
# Visual Studio 14
VisualStudioVersion = 14.0.25420.1
MinimumVisualStudioVersion = 10.0.40219.1
Project("{FAE04EC0-301F-11D3-BF4B-00C04F79EFBC}") = "Assessment", "Assessment\Assessment.csproj", "{E68198CB-5517-48BB-A572-83C370FDC48E}"
EndProject
Project("{FAE04EC0-301F-11D3-BF4B-00C04F79EFBC}") = "Assessment.Test", "Assessment.Test\Assessment.Test.csproj", "{B9BC96B4-FE94-429C-AB0E-D47271026145}"
EndProject
Global
	GlobalSection(SolutionConfigurationPlatforms) = preSolution
		Debug|Any CPU = Debug|Any CPU
		Debug|ARM = Debug|ARM
		Debug|x64 = Debug|x64
		Debug|x86 = Debug|x86
		Release|Any CPU = Release|Any CPU
		Release|ARM = Release|ARM
		Release|x64 = Release|x64
		Release|x86 = Release|x86
	EndGlobalSection
	GlobalSection(ProjectConfigurationPlatforms) = postSolution
		{E68198CB-5517-48BB-A572-83C370FDC48E}.Debug|Any CPU.ActiveCfg = Debug|Any CPU
		{E68198CB-5517-48BB-A572-83C370FDC48E}.Debug|Any CPU.Build.0 = Debug|Any CPU
		{E68198CB-5517-48BB-A572-83C370FDC48E}.Debug|ARM.ActiveCfg = Debug|Any CPU
		{E68198CB-5517-48BB-A572-83C370FDC48E}.Debug|ARM.Build.0 = Debug|Any CPU
		{E68198CB-5517-48BB-A572-83C370FDC48E}.Debug|x64.ActiveCfg = Debug|Any CPU
		{E68198CB-5517-48BB-A572-83C370FDC48E}.Debug|x64.Build.0 = Debug|Any CPU
		{E68198CB-5517-48BB-A572-83C370FDC48E}.Debug|x86.ActiveCfg = Debug|Any CPU
		{E68198CB-5517-48BB-A572-83C370FDC48E}.Debug|x86.Build.0 = Debug|Any CPU
		{E68198CB-5517-48BB-A572-83C370FDC48E}.Release|Any CPU.ActiveCfg = Release|Any CPU
		{E68198CB-5517-48BB-A572-83C370FDC48E}.Release|Any CPU.Build.0 = Release|Any CPU
		{E68198CB-5517-48BB-A572-83C370FDC48E}.Release|ARM.ActiveCfg = Release|Any CPU
		{E68198CB-5517-48BB-A572-83C370FDC48E}.Release|ARM.Build.0 = Release|Any CPU
		{E68198CB-5517-48BB-A572-83C370FDC48E}.Release|x64.ActiveCfg = Release|Any CPU
		{E68198CB-5517-48BB-A572-83C370FDC48E}.Release|x64.Build.0 = Release|Any CPU
		{E68198CB-5517-48BB-A572-83C370FDC48E}.Release|x86.ActiveCfg = Release|Any CPU
		{E68198CB-5517-48BB-A572-83C370FDC48E}.Release|x86.Build.0 = Release|Any CPU
		{B9BC96B4-FE94-429C-AB0E-D47271026145}.Debug|Any CPU.ActiveCfg = Debug|Any CPU
		{B9BC96B4-FE94-429C-AB0E-D47271026145}.Debug|Any CPU.Build.0 = Debug|Any CPU
		{B9BC96B4-FE94-429C-AB0E-D47271026145}.Debug|ARM.ActiveCfg = Debug|Any CPU
		{B9BC96B4-FE94-429C-AB0E-D47271026145}.Debug|ARM.Build.0 = Debug|Any CPU
		{B9BC96B4-FE94-429C-AB0E-D47271026145}.Debug|x64.ActiveCfg = Debug|Any CPU
		{B9BC96B4-FE94-429C-AB0E-D47271026145}.Debug|x64.Build.0 = Debug|Any CPU
		{B9BC96B4-FE94-429C-AB0E-D47271026145}.Debug|x86.ActiveCfg = Debug|Any CPU
		{B9BC96B4-FE94-429C-AB0E-D47271026145}.Debug|x86.Build.0 = Debug|Any CPU
		{B9BC96B4-FE94-429C-AB0E-D47271026145}.Release|Any CPU.ActiveCfg = Release|Any CPU
		{B9BC96B4-FE94-429C-AB0E-D47271026145}.Release|Any CPU.Build.0 = Release|Any CPU
		{B9BC96B4-FE94-429C-AB0E-D47271026145}.Release|ARM.ActiveCfg = Release|Any CPU
		{B9BC96B4-FE94-429C-AB0E-D47271026145}.Release|ARM.Build.0 = Release|Any CPU
		{B9BC96B4-FE94-429C-AB0E-D47271026145}.Release|x64.ActiveCfg = Release|Any CPU
		{B9BC96B4-FE94-429C-AB0E-D47271026145}.Release|x64.Build.0 = Release|Any CPU
		{B9BC96B4-FE94-429C-AB0E-D47271026145}.Release|x86.ActiveCfg = Release|Any CPU
		{B9BC96B4-FE94-429C-AB0E-D47271026145}.Release|x86.Build.0 = Release|Any CPU
	EndGlobalSection
	GlobalSection(SolutionProperties) = preSolution
		HideSolutionNode = FALSE
	EndGlobalSection
EndGlobal
